
Microsoft Visual Studio Solution File, Format Version 12.00
# Visual Studio 14
VisualStudioVersion = 14.0.25420.1
MinimumVisualStudioVersion = 10.0.40219.1
Project("{FAE04EC0-301F-11D3-BF4B-00C04F79EFBC}") = "VocaKnow.Android", "VocaKnow\VocaKnow.Android\VocaKnow.Android.csproj", "{46B7C2EB-2B0A-4ED1-96E9-03782F58D74E}"
EndProject
Project("{FAE04EC0-301F-11D3-BF4B-00C04F79EFBC}") = "VocaKnow", "VocaKnow\VocaKnow\VocaKnow.csproj", "{DAFF0830-C393-4876-A4C2-030B6AFD434F}"
EndProject
Project("{FAE04EC0-301F-11D3-BF4B-00C04F79EFBC}") = "VocaKnow.iOS", "VocaKnow\VocaKnow.iOS\VocaKnow.iOS.csproj", "{44768D00-4041-49E4-8F0F-88222D713118}"
EndProject
Global
	GlobalSection(SolutionConfigurationPlatforms) = preSolution
		Ad-Hoc|Any CPU = Ad-Hoc|Any CPU
		Ad-Hoc|ARM = Ad-Hoc|ARM
		Ad-Hoc|iPhone = Ad-Hoc|iPhone
		Ad-Hoc|iPhoneSimulator = Ad-Hoc|iPhoneSimulator
		Ad-Hoc|x64 = Ad-Hoc|x64
		Ad-Hoc|x86 = Ad-Hoc|x86
		AppStore|Any CPU = AppStore|Any CPU
		AppStore|ARM = AppStore|ARM
		AppStore|iPhone = AppStore|iPhone
		AppStore|iPhoneSimulator = AppStore|iPhoneSimulator
		AppStore|x64 = AppStore|x64
		AppStore|x86 = AppStore|x86
		Debug|Any CPU = Debug|Any CPU
		Debug|ARM = Debug|ARM
		Debug|iPhone = Debug|iPhone
		Debug|iPhoneSimulator = Debug|iPhoneSimulator
		Debug|x64 = Debug|x64
		Debug|x86 = Debug|x86
		Release|Any CPU = Release|Any CPU
		Release|ARM = Release|ARM
		Release|iPhone = Release|iPhone
		Release|iPhoneSimulator = Release|iPhoneSimulator
		Release|x64 = Release|x64
		Release|x86 = Release|x86
	EndGlobalSection
	GlobalSection(ProjectConfigurationPlatforms) = postSolution
		{46B7C2EB-2B0A-4ED1-96E9-03782F58D74E}.Ad-Hoc|Any CPU.ActiveCfg = Release|Any CPU
		{46B7C2EB-2B0A-4ED1-96E9-03782F58D74E}.Ad-Hoc|Any CPU.Build.0 = Release|Any CPU
		{46B7C2EB-2B0A-4ED1-96E9-03782F58D74E}.Ad-Hoc|Any CPU.Deploy.0 = Release|Any CPU
		{46B7C2EB-2B0A-4ED1-96E9-03782F58D74E}.Ad-Hoc|ARM.ActiveCfg = Release|Any CPU
		{46B7C2EB-2B0A-4ED1-96E9-03782F58D74E}.Ad-Hoc|ARM.Build.0 = Release|Any CPU
		{46B7C2EB-2B0A-4ED1-96E9-03782F58D74E}.Ad-Hoc|ARM.Deploy.0 = Release|Any CPU
		{46B7C2EB-2B0A-4ED1-96E9-03782F58D74E}.Ad-Hoc|iPhone.ActiveCfg = Release|Any CPU
		{46B7C2EB-2B0A-4ED1-96E9-03782F58D74E}.Ad-Hoc|iPhone.Build.0 = Release|Any CPU
		{46B7C2EB-2B0A-4ED1-96E9-03782F58D74E}.Ad-Hoc|iPhone.Deploy.0 = Release|Any CPU
		{46B7C2EB-2B0A-4ED1-96E9-03782F58D74E}.Ad-Hoc|iPhoneSimulator.ActiveCfg = Release|Any CPU
		{46B7C2EB-2B0A-4ED1-96E9-03782F58D74E}.Ad-Hoc|iPhoneSimulator.Build.0 = Release|Any CPU
		{46B7C2EB-2B0A-4ED1-96E9-03782F58D74E}.Ad-Hoc|iPhoneSimulator.Deploy.0 = Release|Any CPU
		{46B7C2EB-2B0A-4ED1-96E9-03782F58D74E}.Ad-Hoc|x64.ActiveCfg = Release|Any CPU
		{46B7C2EB-2B0A-4ED1-96E9-03782F58D74E}.Ad-Hoc|x64.Build.0 = Release|Any CPU
		{46B7C2EB-2B0A-4ED1-96E9-03782F58D74E}.Ad-Hoc|x64.Deploy.0 = Release|Any CPU
		{46B7C2EB-2B0A-4ED1-96E9-03782F58D74E}.Ad-Hoc|x86.ActiveCfg = Release|Any CPU
		{46B7C2EB-2B0A-4ED1-96E9-03782F58D74E}.Ad-Hoc|x86.Build.0 = Release|Any CPU
		{46B7C2EB-2B0A-4ED1-96E9-03782F58D74E}.Ad-Hoc|x86.Deploy.0 = Release|Any CPU
		{46B7C2EB-2B0A-4ED1-96E9-03782F58D74E}.AppStore|Any CPU.ActiveCfg = Release|Any CPU
		{46B7C2EB-2B0A-4ED1-96E9-03782F58D74E}.AppStore|Any CPU.Build.0 = Release|Any CPU
		{46B7C2EB-2B0A-4ED1-96E9-03782F58D74E}.AppStore|Any CPU.Deploy.0 = Release|Any CPU
		{46B7C2EB-2B0A-4ED1-96E9-03782F58D74E}.AppStore|ARM.ActiveCfg = Release|Any CPU
		{46B7C2EB-2B0A-4ED1-96E9-03782F58D74E}.AppStore|ARM.Build.0 = Release|Any CPU
		{46B7C2EB-2B0A-4ED1-96E9-03782F58D74E}.AppStore|ARM.Deploy.0 = Release|Any CPU
		{46B7C2EB-2B0A-4ED1-96E9-03782F58D74E}.AppStore|iPhone.ActiveCfg = Release|Any CPU
		{46B7C2EB-2B0A-4ED1-96E9-03782F58D74E}.AppStore|iPhone.Build.0 = Release|Any CPU
		{46B7C2EB-2B0A-4ED1-96E9-03782F58D74E}.AppStore|iPhone.Deploy.0 = Release|Any CPU
		{46B7C2EB-2B0A-4ED1-96E9-03782F58D74E}.AppStore|iPhoneSimulator.ActiveCfg = Release|Any CPU
		{46B7C2EB-2B0A-4ED1-96E9-03782F58D74E}.AppStore|iPhoneSimulator.Build.0 = Release|Any CPU
		{46B7C2EB-2B0A-4ED1-96E9-03782F58D74E}.AppStore|iPhoneSimulator.Deploy.0 = Release|Any CPU
		{46B7C2EB-2B0A-4ED1-96E9-03782F58D74E}.AppStore|x64.ActiveCfg = Release|Any CPU
		{46B7C2EB-2B0A-4ED1-96E9-03782F58D74E}.AppStore|x64.Build.0 = Release|Any CPU
		{46B7C2EB-2B0A-4ED1-96E9-03782F58D74E}.AppStore|x64.Deploy.0 = Release|Any CPU
		{46B7C2EB-2B0A-4ED1-96E9-03782F58D74E}.AppStore|x86.ActiveCfg = Release|Any CPU
		{46B7C2EB-2B0A-4ED1-96E9-03782F58D74E}.AppStore|x86.Build.0 = Release|Any CPU
		{46B7C2EB-2B0A-4ED1-96E9-03782F58D74E}.AppStore|x86.Deploy.0 = Release|Any CPU
		{46B7C2EB-2B0A-4ED1-96E9-03782F58D74E}.Debug|Any CPU.ActiveCfg = Debug|Any CPU
		{46B7C2EB-2B0A-4ED1-96E9-03782F58D74E}.Debug|Any CPU.Build.0 = Debug|Any CPU
		{46B7C2EB-2B0A-4ED1-96E9-03782F58D74E}.Debug|Any CPU.Deploy.0 = Debug|Any CPU
		{46B7C2EB-2B0A-4ED1-96E9-03782F58D74E}.Debug|ARM.ActiveCfg = Debug|Any CPU
		{46B7C2EB-2B0A-4ED1-96E9-03782F58D74E}.Debug|ARM.Build.0 = Debug|Any CPU
		{46B7C2EB-2B0A-4ED1-96E9-03782F58D74E}.Debug|ARM.Deploy.0 = Debug|Any CPU
		{46B7C2EB-2B0A-4ED1-96E9-03782F58D74E}.Debug|iPhone.ActiveCfg = Debug|Any CPU
		{46B7C2EB-2B0A-4ED1-96E9-03782F58D74E}.Debug|iPhone.Build.0 = Debug|Any CPU
		{46B7C2EB-2B0A-4ED1-96E9-03782F58D74E}.Debug|iPhone.Deploy.0 = Debug|Any CPU
		{46B7C2EB-2B0A-4ED1-96E9-03782F58D74E}.Debug|iPhoneSimulator.ActiveCfg = Debug|Any CPU
		{46B7C2EB-2B0A-4ED1-96E9-03782F58D74E}.Debug|iPhoneSimulator.Build.0 = Debug|Any CPU
		{46B7C2EB-2B0A-4ED1-96E9-03782F58D74E}.Debug|iPhoneSimulator.Deploy.0 = Debug|Any CPU
		{46B7C2EB-2B0A-4ED1-96E9-03782F58D74E}.Debug|x64.ActiveCfg = Debug|Any CPU
		{46B7C2EB-2B0A-4ED1-96E9-03782F58D74E}.Debug|x64.Build.0 = Debug|Any CPU
		{46B7C2EB-2B0A-4ED1-96E9-03782F58D74E}.Debug|x64.Deploy.0 = Debug|Any CPU
		{46B7C2EB-2B0A-4ED1-96E9-03782F58D74E}.Debug|x86.ActiveCfg = Debug|Any CPU
		{46B7C2EB-2B0A-4ED1-96E9-03782F58D74E}.Debug|x86.Build.0 = Debug|Any CPU
		{46B7C2EB-2B0A-4ED1-96E9-03782F58D74E}.Debug|x86.Deploy.0 = Debug|Any CPU
		{46B7C2EB-2B0A-4ED1-96E9-03782F58D74E}.Release|Any CPU.ActiveCfg = Release|Any CPU
		{46B7C2EB-2B0A-4ED1-96E9-03782F58D74E}.Release|ARM.ActiveCfg = Release|Any CPU
		{46B7C2EB-2B0A-4ED1-96E9-03782F58D74E}.Release|ARM.Build.0 = Release|Any CPU
		{46B7C2EB-2B0A-4ED1-96E9-03782F58D74E}.Release|ARM.Deploy.0 = Release|Any CPU
		{46B7C2EB-2B0A-4ED1-96E9-03782F58D74E}.Release|iPhone.ActiveCfg = Release|Any CPU
		{46B7C2EB-2B0A-4ED1-96E9-03782F58D74E}.Release|iPhone.Build.0 = Release|Any CPU
		{46B7C2EB-2B0A-4ED1-96E9-03782F58D74E}.Release|iPhone.Deploy.0 = Release|Any CPU
		{46B7C2EB-2B0A-4ED1-96E9-03782F58D74E}.Release|iPhoneSimulator.ActiveCfg = Release|Any CPU
		{46B7C2EB-2B0A-4ED1-96E9-03782F58D74E}.Release|iPhoneSimulator.Build.0 = Release|Any CPU
		{46B7C2EB-2B0A-4ED1-96E9-03782F58D74E}.Release|iPhoneSimulator.Deploy.0 = Release|Any CPU
		{46B7C2EB-2B0A-4ED1-96E9-03782F58D74E}.Release|x64.ActiveCfg = Release|Any CPU
		{46B7C2EB-2B0A-4ED1-96E9-03782F58D74E}.Release|x64.Build.0 = Release|Any CPU
		{46B7C2EB-2B0A-4ED1-96E9-03782F58D74E}.Release|x64.Deploy.0 = Release|Any CPU
		{46B7C2EB-2B0A-4ED1-96E9-03782F58D74E}.Release|x86.ActiveCfg = Release|Any CPU
		{46B7C2EB-2B0A-4ED1-96E9-03782F58D74E}.Release|x86.Build.0 = Release|Any CPU
		{46B7C2EB-2B0A-4ED1-96E9-03782F58D74E}.Release|x86.Deploy.0 = Release|Any CPU
		{DAFF0830-C393-4876-A4C2-030B6AFD434F}.Ad-Hoc|Any CPU.ActiveCfg = Release|Any CPU
		{DAFF0830-C393-4876-A4C2-030B6AFD434F}.Ad-Hoc|Any CPU.Build.0 = Release|Any CPU
		{DAFF0830-C393-4876-A4C2-030B6AFD434F}.Ad-Hoc|ARM.ActiveCfg = Release|Any CPU
		{DAFF0830-C393-4876-A4C2-030B6AFD434F}.Ad-Hoc|ARM.Build.0 = Release|Any CPU
		{DAFF0830-C393-4876-A4C2-030B6AFD434F}.Ad-Hoc|iPhone.ActiveCfg = Release|Any CPU
		{DAFF0830-C393-4876-A4C2-030B6AFD434F}.Ad-Hoc|iPhone.Build.0 = Release|Any CPU
		{DAFF0830-C393-4876-A4C2-030B6AFD434F}.Ad-Hoc|iPhoneSimulator.ActiveCfg = Release|Any CPU
		{DAFF0830-C393-4876-A4C2-030B6AFD434F}.Ad-Hoc|iPhoneSimulator.Build.0 = Release|Any CPU
		{DAFF0830-C393-4876-A4C2-030B6AFD434F}.Ad-Hoc|x64.ActiveCfg = Release|Any CPU
		{DAFF0830-C393-4876-A4C2-030B6AFD434F}.Ad-Hoc|x64.Build.0 = Release|Any CPU
		{DAFF0830-C393-4876-A4C2-030B6AFD434F}.Ad-Hoc|x86.ActiveCfg = Release|Any CPU
		{DAFF0830-C393-4876-A4C2-030B6AFD434F}.Ad-Hoc|x86.Build.0 = Release|Any CPU
		{DAFF0830-C393-4876-A4C2-030B6AFD434F}.AppStore|Any CPU.ActiveCfg = Release|Any CPU
		{DAFF0830-C393-4876-A4C2-030B6AFD434F}.AppStore|Any CPU.Build.0 = Release|Any CPU
		{DAFF0830-C393-4876-A4C2-030B6AFD434F}.AppStore|ARM.ActiveCfg = Release|Any CPU
		{DAFF0830-C393-4876-A4C2-030B6AFD434F}.AppStore|ARM.Build.0 = Release|Any CPU
		{DAFF0830-C393-4876-A4C2-030B6AFD434F}.AppStore|iPhone.ActiveCfg = Release|Any CPU
		{DAFF0830-C393-4876-A4C2-030B6AFD434F}.AppStore|iPhone.Build.0 = Release|Any CPU
		{DAFF0830-C393-4876-A4C2-030B6AFD434F}.AppStore|iPhoneSimulator.ActiveCfg = Release|Any CPU
		{DAFF0830-C393-4876-A4C2-030B6AFD434F}.AppStore|iPhoneSimulator.Build.0 = Release|Any CPU
		{DAFF0830-C393-4876-A4C2-030B6AFD434F}.AppStore|x64.ActiveCfg = Release|Any CPU
		{DAFF0830-C393-4876-A4C2-030B6AFD434F}.AppStore|x64.Build.0 = Release|Any CPU
		{DAFF0830-C393-4876-A4C2-030B6AFD434F}.AppStore|x86.ActiveCfg = Release|Any CPU
		{DAFF0830-C393-4876-A4C2-030B6AFD434F}.AppStore|x86.Build.0 = Release|Any CPU
		{DAFF0830-C393-4876-A4C2-030B6AFD434F}.Debug|Any CPU.ActiveCfg = Debug|Any CPU
		{DAFF0830-C393-4876-A4C2-030B6AFD434F}.Debug|Any CPU.Build.0 = Debug|Any CPU
		{DAFF0830-C393-4876-A4C2-030B6AFD434F}.Debug|ARM.ActiveCfg = Debug|Any CPU
		{DAFF0830-C393-4876-A4C2-030B6AFD434F}.Debug|ARM.Build.0 = Debug|Any CPU
		{DAFF0830-C393-4876-A4C2-030B6AFD434F}.Debug|iPhone.ActiveCfg = Debug|Any CPU
		{DAFF0830-C393-4876-A4C2-030B6AFD434F}.Debug|iPhone.Build.0 = Debug|Any CPU
		{DAFF0830-C393-4876-A4C2-030B6AFD434F}.Debug|iPhoneSimulator.ActiveCfg = Debug|Any CPU
		{DAFF0830-C393-4876-A4C2-030B6AFD434F}.Debug|iPhoneSimulator.Build.0 = Debug|Any CPU
		{DAFF0830-C393-4876-A4C2-030B6AFD434F}.Debug|x64.ActiveCfg = Debug|Any CPU
		{DAFF0830-C393-4876-A4C2-030B6AFD434F}.Debug|x64.Build.0 = Debug|Any CPU
		{DAFF0830-C393-4876-A4C2-030B6AFD434F}.Debug|x86.ActiveCfg = Debug|Any CPU
		{DAFF0830-C393-4876-A4C2-030B6AFD434F}.Debug|x86.Build.0 = Debug|Any CPU
		{DAFF0830-C393-4876-A4C2-030B6AFD434F}.Release|Any CPU.ActiveCfg = Release|Any CPU
		{DAFF0830-C393-4876-A4C2-030B6AFD434F}.Release|ARM.ActiveCfg = Release|Any CPU
		{DAFF0830-C393-4876-A4C2-030B6AFD434F}.Release|ARM.Build.0 = Release|Any CPU
		{DAFF0830-C393-4876-A4C2-030B6AFD434F}.Release|iPhone.ActiveCfg = Release|Any CPU
		{DAFF0830-C393-4876-A4C2-030B6AFD434F}.Release|iPhone.Build.0 = Release|Any CPU
		{DAFF0830-C393-4876-A4C2-030B6AFD434F}.Release|iPhoneSimulator.ActiveCfg = Release|Any CPU
		{DAFF0830-C393-4876-A4C2-030B6AFD434F}.Release|iPhoneSimulator.Build.0 = Release|Any CPU
		{DAFF0830-C393-4876-A4C2-030B6AFD434F}.Release|x64.ActiveCfg = Release|Any CPU
		{DAFF0830-C393-4876-A4C2-030B6AFD434F}.Release|x64.Build.0 = Release|Any CPU
		{DAFF0830-C393-4876-A4C2-030B6AFD434F}.Release|x86.ActiveCfg = Release|Any CPU
		{DAFF0830-C393-4876-A4C2-030B6AFD434F}.Release|x86.Build.0 = Release|Any CPU
		{44768D00-4041-49E4-8F0F-88222D713118}.Ad-Hoc|Any CPU.ActiveCfg = Ad-Hoc|iPhone
		{44768D00-4041-49E4-8F0F-88222D713118}.Ad-Hoc|ARM.ActiveCfg = Ad-Hoc|iPhone
		{44768D00-4041-49E4-8F0F-88222D713118}.Ad-Hoc|iPhone.ActiveCfg = Ad-Hoc|iPhone
		{44768D00-4041-49E4-8F0F-88222D713118}.Ad-Hoc|iPhone.Build.0 = Ad-Hoc|iPhone
		{44768D00-4041-49E4-8F0F-88222D713118}.Ad-Hoc|iPhoneSimulator.ActiveCfg = Ad-Hoc|iPhoneSimulator
		{44768D00-4041-49E4-8F0F-88222D713118}.Ad-Hoc|iPhoneSimulator.Build.0 = Ad-Hoc|iPhoneSimulator
		{44768D00-4041-49E4-8F0F-88222D713118}.Ad-Hoc|x64.ActiveCfg = Ad-Hoc|iPhone
		{44768D00-4041-49E4-8F0F-88222D713118}.Ad-Hoc|x86.ActiveCfg = Ad-Hoc|iPhone
		{44768D00-4041-49E4-8F0F-88222D713118}.AppStore|Any CPU.ActiveCfg = AppStore|iPhone
		{44768D00-4041-49E4-8F0F-88222D713118}.AppStore|ARM.ActiveCfg = AppStore|iPhone
		{44768D00-4041-49E4-8F0F-88222D713118}.AppStore|iPhone.ActiveCfg = AppStore|iPhone
		{44768D00-4041-49E4-8F0F-88222D713118}.AppStore|iPhone.Build.0 = AppStore|iPhone
		{44768D00-4041-49E4-8F0F-88222D713118}.AppStore|iPhoneSimulator.ActiveCfg = AppStore|iPhoneSimulator
		{44768D00-4041-49E4-8F0F-88222D713118}.AppStore|iPhoneSimulator.Build.0 = AppStore|iPhoneSimulator
		{44768D00-4041-49E4-8F0F-88222D713118}.AppStore|x64.ActiveCfg = AppStore|iPhone
		{44768D00-4041-49E4-8F0F-88222D713118}.AppStore|x86.ActiveCfg = AppStore|iPhone
		{44768D00-4041-49E4-8F0F-88222D713118}.Debug|Any CPU.ActiveCfg = Debug|iPhone
		{44768D00-4041-49E4-8F0F-88222D713118}.Debug|ARM.ActiveCfg = Debug|iPhone
		{44768D00-4041-49E4-8F0F-88222D713118}.Debug|iPhone.ActiveCfg = Debug|iPhone
		{44768D00-4041-49E4-8F0F-88222D713118}.Debug|iPhone.Build.0 = Debug|iPhone
		{44768D00-4041-49E4-8F0F-88222D713118}.Debug|iPhoneSimulator.ActiveCfg = Debug|iPhoneSimulator
		{44768D00-4041-49E4-8F0F-88222D713118}.Debug|iPhoneSimulator.Build.0 = Debug|iPhoneSimulator
		{44768D00-4041-49E4-8F0F-88222D713118}.Debug|x64.ActiveCfg = Debug|iPhone
		{44768D00-4041-49E4-8F0F-88222D713118}.Debug|x86.ActiveCfg = Debug|iPhone
		{44768D00-4041-49E4-8F0F-88222D713118}.Release|Any CPU.ActiveCfg = Release|iPhone
		{44768D00-4041-49E4-8F0F-88222D713118}.Release|ARM.ActiveCfg = Release|iPhone
		{44768D00-4041-49E4-8F0F-88222D713118}.Release|iPhone.ActiveCfg = Release|iPhone
		{44768D00-4041-49E4-8F0F-88222D713118}.Release|iPhone.Build.0 = Release|iPhone
		{44768D00-4041-49E4-8F0F-88222D713118}.Release|iPhoneSimulator.ActiveCfg = Release|iPhoneSimulator
		{44768D00-4041-49E4-8F0F-88222D713118}.Release|iPhoneSimulator.Build.0 = Release|iPhoneSimulator
		{44768D00-4041-49E4-8F0F-88222D713118}.Release|x64.ActiveCfg = Release|iPhone
		{44768D00-4041-49E4-8F0F-88222D713118}.Release|x86.ActiveCfg = Release|iPhone
	EndGlobalSection
	GlobalSection(SolutionProperties) = preSolution
		HideSolutionNode = FALSE
	EndGlobalSection
EndGlobal
